
Microsoft Visual Studio Solution File, Format Version 12.00
# Visual Studio Version 17
VisualStudioVersion = 17.7.34024.191
MinimumVisualStudioVersion = 10.0.40219.1
Project("{FAE04EC0-301F-11D3-BF4B-00C04F79EFBC}") = "lab4q5", "lab4q5\lab4q5.csproj", "{2512B194-D0DF-4AE3-AC4F-5A9026B572B6}"
EndProject
Project("{FAE04EC0-301F-11D3-BF4B-00C04F79EFBC}") = "labq6", "labq6\labq6.csproj", "{5738110D-3344-492B-873B-912A13010D58}"
EndProject
Global
	GlobalSection(SolutionConfigurationPlatforms) = preSolution
		Debug|Any CPU = Debug|Any CPU
		Release|Any CPU = Release|Any CPU
	EndGlobalSection
	GlobalSection(ProjectConfigurationPlatforms) = postSolution
		{2512B194-D0DF-4AE3-AC4F-5A9026B572B6}.Debug|Any CPU.ActiveCfg = Debug|Any CPU
		{2512B194-D0DF-4AE3-AC4F-5A9026B572B6}.Debug|Any CPU.Build.0 = Debug|Any CPU
		{2512B194-D0DF-4AE3-AC4F-5A9026B572B6}.Release|Any CPU.ActiveCfg = Release|Any CPU
		{2512B194-D0DF-4AE3-AC4F-5A9026B572B6}.Release|Any CPU.Build.0 = Release|Any CPU
		{5738110D-3344-492B-873B-912A13010D58}.Debug|Any CPU.ActiveCfg = Debug|Any CPU
		{5738110D-3344-492B-873B-912A13010D58}.Debug|Any CPU.Build.0 = Debug|Any CPU
		{5738110D-3344-492B-873B-912A13010D58}.Release|Any CPU.ActiveCfg = Release|Any CPU
		{5738110D-3344-492B-873B-912A13010D58}.Release|Any CPU.Build.0 = Release|Any CPU
	EndGlobalSection
	GlobalSection(SolutionProperties) = preSolution
		HideSolutionNode = FALSE
	EndGlobalSection
	GlobalSection(ExtensibilityGlobals) = postSolution
		SolutionGuid = {BD076A9F-2C2B-40AB-A5E6-F83B2A1C64B4}
	EndGlobalSection
EndGlobal
